
Microsoft Visual Studio Solution File, Format Version 12.00
# Visual Studio Version 16
VisualStudioVersion = 16.0.31702.278
MinimumVisualStudioVersion = 10.0.40219.1
Project("{FAE04EC0-301F-11D3-BF4B-00C04F79EFBC}") = "mis4200team2", "mis4200team2.csproj", "{33D8B33A-376E-4182-8817-D011D22D29D1}"
EndProject
Project("{FAE04EC0-301F-11D3-BF4B-00C04F79EFBC}") = "mis4200team2.Tests", "..\mis4200team2.Tests\mis4200team2.Tests.csproj", "{F88E4C46-76FF-4D7F-A069-8F7B23CDC8DF}"
EndProject
Global
	GlobalSection(SolutionConfigurationPlatforms) = preSolution
		Debug|Any CPU = Debug|Any CPU
		Release|Any CPU = Release|Any CPU
	EndGlobalSection
	GlobalSection(ProjectConfigurationPlatforms) = postSolution
		{33D8B33A-376E-4182-8817-D011D22D29D1}.Debug|Any CPU.ActiveCfg = Debug|Any CPU
		{33D8B33A-376E-4182-8817-D011D22D29D1}.Debug|Any CPU.Build.0 = Debug|Any CPU
		{33D8B33A-376E-4182-8817-D011D22D29D1}.Release|Any CPU.ActiveCfg = Release|Any CPU
		{33D8B33A-376E-4182-8817-D011D22D29D1}.Release|Any CPU.Build.0 = Release|Any CPU
		{F88E4C46-76FF-4D7F-A069-8F7B23CDC8DF}.Debug|Any CPU.ActiveCfg = Debug|Any CPU
		{F88E4C46-76FF-4D7F-A069-8F7B23CDC8DF}.Debug|Any CPU.Build.0 = Debug|Any CPU
		{F88E4C46-76FF-4D7F-A069-8F7B23CDC8DF}.Release|Any CPU.ActiveCfg = Release|Any CPU
		{F88E4C46-76FF-4D7F-A069-8F7B23CDC8DF}.Release|Any CPU.Build.0 = Release|Any CPU
	EndGlobalSection
	GlobalSection(SolutionProperties) = preSolution
		HideSolutionNode = FALSE
	EndGlobalSection
	GlobalSection(ExtensibilityGlobals) = postSolution
		SolutionGuid = {D4763735-784C-4EEC-97D5-C8C1D0F3FCBE}
	EndGlobalSection
EndGlobal
